# This file is automatically @generated by Cargo.
# It is not intended for manual editing.
[[package]]
name = "aho-corasick"
version = "0.7.15"
source = "registry+https://github.com/rust-lang/crates.io-index"
dependencies = [
 "memchr 2.3.4 (registry+https://github.com/rust-lang/crates.io-index)",
]

[[package]]
name = "autocfg"
version = "1.0.1"
source = "registry+https://github.com/rust-lang/crates.io-index"

[[package]]
name = "bitflags"
version = "1.2.1"
source = "registry+https://github.com/rust-lang/crates.io-index"

[[package]]
name = "bitvec"
version = "0.19.4"
source = "registry+https://github.com/rust-lang/crates.io-index"
dependencies = [
 "funty 1.0.1 (registry+https://github.com/rust-lang/crates.io-index)",
 "radium 0.5.3 (registry+https://github.com/rust-lang/crates.io-index)",
 "tap 1.0.0 (registry+https://github.com/rust-lang/crates.io-index)",
 "wyz 0.2.0 (registry+https://github.com/rust-lang/crates.io-index)",
]

[[package]]
name = "cc"
version = "1.0.67"
source = "registry+https://github.com/rust-lang/crates.io-index"

[[package]]
name = "cfg-if"
version = "1.0.0"
source = "registry+https://github.com/rust-lang/crates.io-index"

[[package]]
name = "funty"
version = "1.0.1"
source = "registry+https://github.com/rust-lang/crates.io-index"

[[package]]
name = "hdf5-sys"
version = "0.7.1"
source = "registry+https://github.com/rust-lang/crates.io-index"
dependencies = [
 "libc 0.2.88 (registry+https://github.com/rust-lang/crates.io-index)",
 "libloading 0.6.7 (registry+https://github.com/rust-lang/crates.io-index)",
 "pkg-config 0.3.19 (registry+https://github.com/rust-lang/crates.io-index)",
 "regex 1.4.5 (registry+https://github.com/rust-lang/crates.io-index)",
 "serde 1.0.124 (registry+https://github.com/rust-lang/crates.io-index)",
 "serde_derive 1.0.124 (registry+https://github.com/rust-lang/crates.io-index)",
 "winreg 0.8.0 (registry+https://github.com/rust-lang/crates.io-index)",
]

[[package]]
name = "lazy_static"
version = "1.4.0"
source = "registry+https://github.com/rust-lang/crates.io-index"

[[package]]
name = "libc"
version = "0.2.88"
source = "registry+https://github.com/rust-lang/crates.io-index"

[[package]]
name = "libloading"
version = "0.6.7"
source = "registry+https://github.com/rust-lang/crates.io-index"
dependencies = [
 "cfg-if 1.0.0 (registry+https://github.com/rust-lang/crates.io-index)",
 "winapi 0.3.9 (registry+https://github.com/rust-lang/crates.io-index)",
]

[[package]]
name = "libz-sys"
version = "1.1.2"
source = "registry+https://github.com/rust-lang/crates.io-index"
dependencies = [
 "cc 1.0.67 (registry+https://github.com/rust-lang/crates.io-index)",
 "libc 0.2.88 (registry+https://github.com/rust-lang/crates.io-index)",
 "pkg-config 0.3.19 (registry+https://github.com/rust-lang/crates.io-index)",
 "vcpkg 0.2.11 (registry+https://github.com/rust-lang/crates.io-index)",
]

[[package]]
name = "matrixmultiply"
version = "0.2.4"
source = "registry+https://github.com/rust-lang/crates.io-index"
dependencies = [
 "rawpointer 0.2.1 (registry+https://github.com/rust-lang/crates.io-index)",
]

[[package]]
name = "memchr"
version = "2.3.4"
source = "registry+https://github.com/rust-lang/crates.io-index"

[[package]]
name = "ndarray"
version = "0.14.0"
source = "registry+https://github.com/rust-lang/crates.io-index"
dependencies = [
 "matrixmultiply 0.2.4 (registry+https://github.com/rust-lang/crates.io-index)",
 "num-complex 0.3.1 (registry+https://github.com/rust-lang/crates.io-index)",
 "num-integer 0.1.44 (registry+https://github.com/rust-lang/crates.io-index)",
 "num-traits 0.2.14 (registry+https://github.com/rust-lang/crates.io-index)",
 "rawpointer 0.2.1 (registry+https://github.com/rust-lang/crates.io-index)",
]

[[package]]
name = "netcdf"
version = "0.6.1"
source = "registry+https://github.com/rust-lang/crates.io-index"
dependencies = [
 "bitflags 1.2.1 (registry+https://github.com/rust-lang/crates.io-index)",
 "lazy_static 1.4.0 (registry+https://github.com/rust-lang/crates.io-index)",
 "ndarray 0.14.0 (registry+https://github.com/rust-lang/crates.io-index)",
 "netcdf-sys 0.3.5 (registry+https://github.com/rust-lang/crates.io-index)",
]

[[package]]
name = "netcdf-sys"
version = "0.3.5"
source = "registry+https://github.com/rust-lang/crates.io-index"
dependencies = [
 "hdf5-sys 0.7.1 (registry+https://github.com/rust-lang/crates.io-index)",
 "libz-sys 1.1.2 (registry+https://github.com/rust-lang/crates.io-index)",
]

[[package]]
name = "num-complex"
version = "0.3.1"
source = "registry+https://github.com/rust-lang/crates.io-index"
dependencies = [
 "num-traits 0.2.14 (registry+https://github.com/rust-lang/crates.io-index)",
]

[[package]]
name = "num-integer"
version = "0.1.44"
source = "registry+https://github.com/rust-lang/crates.io-index"
dependencies = [
 "autocfg 1.0.1 (registry+https://github.com/rust-lang/crates.io-index)",
 "num-traits 0.2.14 (registry+https://github.com/rust-lang/crates.io-index)",
]

[[package]]
name = "num-traits"
version = "0.2.14"
source = "registry+https://github.com/rust-lang/crates.io-index"
dependencies = [
 "autocfg 1.0.1 (registry+https://github.com/rust-lang/crates.io-index)",
]

[[package]]
name = "pkg-config"
version = "0.3.19"
source = "registry+https://github.com/rust-lang/crates.io-index"

[[package]]
name = "proc-macro2"
version = "1.0.24"
source = "registry+https://github.com/rust-lang/crates.io-index"
dependencies = [
 "unicode-xid 0.2.1 (registry+https://github.com/rust-lang/crates.io-index)",
]

[[package]]
name = "quote"
version = "1.0.9"
source = "registry+https://github.com/rust-lang/crates.io-index"
dependencies = [
 "proc-macro2 1.0.24 (registry+https://github.com/rust-lang/crates.io-index)",
]

[[package]]
name = "radium"
version = "0.5.3"
source = "registry+https://github.com/rust-lang/crates.io-index"

[[package]]
name = "rawpointer"
version = "0.2.1"
source = "registry+https://github.com/rust-lang/crates.io-index"

[[package]]
name = "regex"
version = "1.4.5"
source = "registry+https://github.com/rust-lang/crates.io-index"
dependencies = [
 "aho-corasick 0.7.15 (registry+https://github.com/rust-lang/crates.io-index)",
 "memchr 2.3.4 (registry+https://github.com/rust-lang/crates.io-index)",
 "regex-syntax 0.6.23 (registry+https://github.com/rust-lang/crates.io-index)",
]

[[package]]
name = "regex-syntax"
version = "0.6.23"
source = "registry+https://github.com/rust-lang/crates.io-index"

[[package]]
name = "serde"
version = "1.0.124"
source = "registry+https://github.com/rust-lang/crates.io-index"

[[package]]
name = "serde_derive"
version = "1.0.124"
source = "registry+https://github.com/rust-lang/crates.io-index"
dependencies = [
 "proc-macro2 1.0.24 (registry+https://github.com/rust-lang/crates.io-index)",
 "quote 1.0.9 (registry+https://github.com/rust-lang/crates.io-index)",
 "syn 1.0.64 (registry+https://github.com/rust-lang/crates.io-index)",
]

[[package]]
name = "syn"
version = "1.0.64"
source = "registry+https://github.com/rust-lang/crates.io-index"
dependencies = [
 "proc-macro2 1.0.24 (registry+https://github.com/rust-lang/crates.io-index)",
 "quote 1.0.9 (registry+https://github.com/rust-lang/crates.io-index)",
 "unicode-xid 0.2.1 (registry+https://github.com/rust-lang/crates.io-index)",
]

[[package]]
name = "tap"
version = "1.0.0"
source = "registry+https://github.com/rust-lang/crates.io-index"

[[package]]
name = "unicode-xid"
version = "0.2.1"
source = "registry+https://github.com/rust-lang/crates.io-index"

[[package]]
name = "vcpkg"
version = "0.2.11"
source = "registry+https://github.com/rust-lang/crates.io-index"

[[package]]
name = "winapi"
version = "0.3.9"
source = "registry+https://github.com/rust-lang/crates.io-index"
dependencies = [
 "winapi-i686-pc-windows-gnu 0.4.0 (registry+https://github.com/rust-lang/crates.io-index)",
 "winapi-x86_64-pc-windows-gnu 0.4.0 (registry+https://github.com/rust-lang/crates.io-index)",
]

[[package]]
name = "winapi-i686-pc-windows-gnu"
version = "0.4.0"
source = "registry+https://github.com/rust-lang/crates.io-index"

[[package]]
name = "winapi-x86_64-pc-windows-gnu"
version = "0.4.0"
source = "registry+https://github.com/rust-lang/crates.io-index"

[[package]]
name = "winreg"
version = "0.8.0"
source = "registry+https://github.com/rust-lang/crates.io-index"
dependencies = [
 "serde 1.0.124 (registry+https://github.com/rust-lang/crates.io-index)",
 "winapi 0.3.9 (registry+https://github.com/rust-lang/crates.io-index)",
]

[[package]]
name = "wyz"
version = "0.2.0"
source = "registry+https://github.com/rust-lang/crates.io-index"

[[package]]
name = "zfp_rust"
version = "0.0.1"
dependencies = [
 "bitvec 0.19.4 (registry+https://github.com/rust-lang/crates.io-index)",
 "netcdf 0.6.1 (registry+https://github.com/rust-lang/crates.io-index)",
 "num-traits 0.2.14 (registry+https://github.com/rust-lang/crates.io-index)",
]

[metadata]
"checksum aho-corasick 0.7.15 (registry+https://github.com/rust-lang/crates.io-index)" = "7404febffaa47dac81aa44dba71523c9d069b1bdc50a77db41195149e17f68e5"
"checksum autocfg 1.0.1 (registry+https://github.com/rust-lang/crates.io-index)" = "cdb031dd78e28731d87d56cc8ffef4a8f36ca26c38fe2de700543e627f8a464a"
"checksum bitflags 1.2.1 (registry+https://github.com/rust-lang/crates.io-index)" = "cf1de2fe8c75bc145a2f577add951f8134889b4795d47466a54a5c846d691693"
"checksum bitvec 0.19.4 (registry+https://github.com/rust-lang/crates.io-index)" = "a7ba35e9565969edb811639dbebfe34edc0368e472c5018474c8eb2543397f81"
"checksum cc 1.0.67 (registry+https://github.com/rust-lang/crates.io-index)" = "e3c69b077ad434294d3ce9f1f6143a2a4b89a8a2d54ef813d85003a4fd1137fd"
"checksum cfg-if 1.0.0 (registry+https://github.com/rust-lang/crates.io-index)" = "baf1de4339761588bc0619e3cbc0120ee582ebb74b53b4efbf79117bd2da40fd"
"checksum funty 1.0.1 (registry+https://github.com/rust-lang/crates.io-index)" = "0ba62103ce691c2fd80fbae2213dfdda9ce60804973ac6b6e97de818ea7f52c8"
"checksum hdf5-sys 0.7.1 (registry+https://github.com/rust-lang/crates.io-index)" = "15fa1f3c5b34a7dd3815fc68aa8d64f0682e500b393b77b88f8dac206d2b16a9"
"checksum lazy_static 1.4.0 (registry+https://github.com/rust-lang/crates.io-index)" = "e2abad23fbc42b3700f2f279844dc832adb2b2eb069b2df918f455c4e18cc646"
"checksum libc 0.2.88 (registry+https://github.com/rust-lang/crates.io-index)" = "03b07a082330a35e43f63177cc01689da34fbffa0105e1246cf0311472cac73a"
"checksum libloading 0.6.7 (registry+https://github.com/rust-lang/crates.io-index)" = "351a32417a12d5f7e82c368a66781e307834dae04c6ce0cd4456d52989229883"
"checksum libz-sys 1.1.2 (registry+https://github.com/rust-lang/crates.io-index)" = "602113192b08db8f38796c4e85c39e960c145965140e918018bcde1952429655"
"checksum matrixmultiply 0.2.4 (registry+https://github.com/rust-lang/crates.io-index)" = "916806ba0031cd542105d916a97c8572e1fa6dd79c9c51e7eb43a09ec2dd84c1"
"checksum memchr 2.3.4 (registry+https://github.com/rust-lang/crates.io-index)" = "0ee1c47aaa256ecabcaea351eae4a9b01ef39ed810004e298d2511ed284b1525"
"checksum ndarray 0.14.0 (registry+https://github.com/rust-lang/crates.io-index)" = "6c0d5c9540a691d153064dc47a4db2504587a75eae07bf1d73f7a596ebc73c04"
"checksum netcdf 0.6.1 (registry+https://github.com/rust-lang/crates.io-index)" = "56717d4f26b09ece645fd369e32fb4356d575284bc73ec18474aa90786bb1b63"
"checksum netcdf-sys 0.3.5 (registry+https://github.com/rust-lang/crates.io-index)" = "75dc68c412075f5b192f449b99577aa4f1838f4189e7143aab6e0fba1cb345d5"
"checksum num-complex 0.3.1 (registry+https://github.com/rust-lang/crates.io-index)" = "747d632c0c558b87dbabbe6a82f3b4ae03720d0646ac5b7b4dae89394be5f2c5"
"checksum num-integer 0.1.44 (registry+https://github.com/rust-lang/crates.io-index)" = "d2cc698a63b549a70bc047073d2949cce27cd1c7b0a4a862d08a8031bc2801db"
"checksum num-traits 0.2.14 (registry+https://github.com/rust-lang/crates.io-index)" = "9a64b1ec5cda2586e284722486d802acf1f7dbdc623e2bfc57e65ca1cd099290"
"checksum pkg-config 0.3.19 (registry+https://github.com/rust-lang/crates.io-index)" = "3831453b3449ceb48b6d9c7ad7c96d5ea673e9b470a1dc578c2ce6521230884c"
"checksum proc-macro2 1.0.24 (registry+https://github.com/rust-lang/crates.io-index)" = "1e0704ee1a7e00d7bb417d0770ea303c1bccbabf0ef1667dae92b5967f5f8a71"
"checksum quote 1.0.9 (registry+https://github.com/rust-lang/crates.io-index)" = "c3d0b9745dc2debf507c8422de05d7226cc1f0644216dfdfead988f9b1ab32a7"
"checksum radium 0.5.3 (registry+https://github.com/rust-lang/crates.io-index)" = "941ba9d78d8e2f7ce474c015eea4d9c6d25b6a3327f9832ee29a4de27f91bbb8"
"checksum rawpointer 0.2.1 (registry+https://github.com/rust-lang/crates.io-index)" = "60a357793950651c4ed0f3f52338f53b2f809f32d83a07f72909fa13e4c6c1e3"
"checksum regex 1.4.5 (registry+https://github.com/rust-lang/crates.io-index)" = "957056ecddbeba1b26965114e191d2e8589ce74db242b6ea25fc4062427a5c19"
"checksum regex-syntax 0.6.23 (registry+https://github.com/rust-lang/crates.io-index)" = "24d5f089152e60f62d28b835fbff2cd2e8dc0baf1ac13343bef92ab7eed84548"
"checksum serde 1.0.124 (registry+https://github.com/rust-lang/crates.io-index)" = "bd761ff957cb2a45fbb9ab3da6512de9de55872866160b23c25f1a841e99d29f"
"checksum serde_derive 1.0.124 (registry+https://github.com/rust-lang/crates.io-index)" = "1800f7693e94e186f5e25a28291ae1570da908aff7d97a095dec1e56ff99069b"
"checksum syn 1.0.64 (registry+https://github.com/rust-lang/crates.io-index)" = "3fd9d1e9976102a03c542daa2eff1b43f9d72306342f3f8b3ed5fb8908195d6f"
"checksum tap 1.0.0 (registry+https://github.com/rust-lang/crates.io-index)" = "36474e732d1affd3a6ed582781b3683df3d0563714c59c39591e8ff707cf078e"
"checksum unicode-xid 0.2.1 (registry+https://github.com/rust-lang/crates.io-index)" = "f7fe0bb3479651439c9112f72b6c505038574c9fbb575ed1bf3b797fa39dd564"
"checksum vcpkg 0.2.11 (registry+https://github.com/rust-lang/crates.io-index)" = "b00bca6106a5e23f3eee943593759b7fcddb00554332e856d990c893966879fb"
"checksum winapi 0.3.9 (registry+https://github.com/rust-lang/crates.io-index)" = "5c839a674fcd7a98952e593242ea400abe93992746761e38641405d28b00f419"
"checksum winapi-i686-pc-windows-gnu 0.4.0 (registry+https://github.com/rust-lang/crates.io-index)" = "ac3b87c63620426dd9b991e5ce0329eff545bccbbb34f3be09ff6fb6ab51b7b6"
"checksum winapi-x86_64-pc-windows-gnu 0.4.0 (registry+https://github.com/rust-lang/crates.io-index)" = "712e227841d057c1ee1cd2fb22fa7e5a5461ae8e48fa2ca79ec42cfc1931183f"
"checksum winreg 0.8.0 (registry+https://github.com/rust-lang/crates.io-index)" = "d107f8c6e916235c4c01cabb3e8acf7bea8ef6a63ca2e7fa0527c049badfc48c"
"checksum wyz 0.2.0 (registry+https://github.com/rust-lang/crates.io-index)" = "85e60b0d1b5f99db2556934e21937020776a5d31520bf169e851ac44e6420214"
